
Microsoft Visual Studio Solution File, Format Version 12.00
# Visual Studio for Mac
Project("{FAE04EC0-301F-11D3-BF4B-00C04F79EFBC}") = "Assembly-CSharp", "Assembly-CSharp.csproj", "{6D42AF31-B89C-3CF2-0823-B0C71F7FF9B6}"
EndProject
Project("{FAE04EC0-301F-11D3-BF4B-00C04F79EFBC}") = "Oculus.VR", "Oculus.VR.csproj", "{908BC5F6-2851-CAF4-557D-4B94BB904B68}"
EndProject
Project("{FAE04EC0-301F-11D3-BF4B-00C04F79EFBC}") = "Assembly-CSharp-Editor", "Assembly-CSharp-Editor.csproj", "{5CD866F0-558E-73AD-B552-13EF8BB9353E}"
EndProject
Project("{FAE04EC0-301F-11D3-BF4B-00C04F79EFBC}") = "Oculus.VR.Scripts.Editor", "Oculus.VR.Scripts.Editor.csproj", "{49D85643-6502-BBD3-C8B2-EA4305881464}"
EndProject
Project("{FAE04EC0-301F-11D3-BF4B-00C04F79EFBC}") = "Oculus.VR.Editor", "Oculus.VR.Editor.csproj", "{6929A619-C31F-C057-89D8-DB3E84FCFCB8}"
EndProject
Global
	GlobalSection(SolutionConfigurationPlatforms) = preSolution
		Debug|Any CPU = Debug|Any CPU
		Release|Any CPU = Release|Any CPU
	EndGlobalSection
	GlobalSection(ProjectConfigurationPlatforms) = postSolution
		{6D42AF31-B89C-3CF2-0823-B0C71F7FF9B6}.Debug|Any CPU.ActiveCfg = Debug|Any CPU
		{6D42AF31-B89C-3CF2-0823-B0C71F7FF9B6}.Debug|Any CPU.Build.0 = Debug|Any CPU
		{6D42AF31-B89C-3CF2-0823-B0C71F7FF9B6}.Release|Any CPU.ActiveCfg = Release|Any CPU
		{6D42AF31-B89C-3CF2-0823-B0C71F7FF9B6}.Release|Any CPU.Build.0 = Release|Any CPU
		{908BC5F6-2851-CAF4-557D-4B94BB904B68}.Debug|Any CPU.ActiveCfg = Debug|Any CPU
		{908BC5F6-2851-CAF4-557D-4B94BB904B68}.Debug|Any CPU.Build.0 = Debug|Any CPU
		{908BC5F6-2851-CAF4-557D-4B94BB904B68}.Release|Any CPU.ActiveCfg = Release|Any CPU
		{908BC5F6-2851-CAF4-557D-4B94BB904B68}.Release|Any CPU.Build.0 = Release|Any CPU
		{5CD866F0-558E-73AD-B552-13EF8BB9353E}.Debug|Any CPU.ActiveCfg = Debug|Any CPU
		{5CD866F0-558E-73AD-B552-13EF8BB9353E}.Debug|Any CPU.Build.0 = Debug|Any CPU
		{5CD866F0-558E-73AD-B552-13EF8BB9353E}.Release|Any CPU.ActiveCfg = Release|Any CPU
		{5CD866F0-558E-73AD-B552-13EF8BB9353E}.Release|Any CPU.Build.0 = Release|Any CPU
		{49D85643-6502-BBD3-C8B2-EA4305881464}.Debug|Any CPU.ActiveCfg = Debug|Any CPU
		{49D85643-6502-BBD3-C8B2-EA4305881464}.Debug|Any CPU.Build.0 = Debug|Any CPU
		{49D85643-6502-BBD3-C8B2-EA4305881464}.Release|Any CPU.ActiveCfg = Release|Any CPU
		{49D85643-6502-BBD3-C8B2-EA4305881464}.Release|Any CPU.Build.0 = Release|Any CPU
		{6929A619-C31F-C057-89D8-DB3E84FCFCB8}.Debug|Any CPU.ActiveCfg = Debug|Any CPU
		{6929A619-C31F-C057-89D8-DB3E84FCFCB8}.Debug|Any CPU.Build.0 = Debug|Any CPU
		{6929A619-C31F-C057-89D8-DB3E84FCFCB8}.Release|Any CPU.ActiveCfg = Release|Any CPU
		{6929A619-C31F-C057-89D8-DB3E84FCFCB8}.Release|Any CPU.Build.0 = Release|Any CPU
	EndGlobalSection
	GlobalSection(SolutionProperties) = preSolution
		HideSolutionNode = FALSE
	EndGlobalSection
EndGlobal
